
Microsoft Visual Studio Solution File, Format Version 12.00
# Visual Studio Version 16
VisualStudioVersion = 16.0.31624.102
MinimumVisualStudioVersion = 10.0.40219.1
Project("{9A19103F-16F7-4668-BE54-9A1E7A4F7556}") = "YXLibrary", "YXLibrary\YXLibrary.csproj", "{BC7F25E4-EA55-4003-B19A-70EC6CC40314}"
EndProject
Project("{9A19103F-16F7-4668-BE54-9A1E7A4F7556}") = "ConsoleApp2", "ConsoleApp2\ConsoleApp2.csproj", "{02877BAE-4937-44CB-95D4-F0C3F61765BD}"
EndProject
Global
	GlobalSection(SolutionConfigurationPlatforms) = preSolution
		Debug|Any CPU = Debug|Any CPU
		Release|Any CPU = Release|Any CPU
	EndGlobalSection
	GlobalSection(ProjectConfigurationPlatforms) = postSolution
		{BC7F25E4-EA55-4003-B19A-70EC6CC40314}.Debug|Any CPU.ActiveCfg = Debug|Any CPU
		{BC7F25E4-EA55-4003-B19A-70EC6CC40314}.Debug|Any CPU.Build.0 = Debug|Any CPU
		{BC7F25E4-EA55-4003-B19A-70EC6CC40314}.Release|Any CPU.ActiveCfg = Release|Any CPU
		{BC7F25E4-EA55-4003-B19A-70EC6CC40314}.Release|Any CPU.Build.0 = Release|Any CPU
		{02877BAE-4937-44CB-95D4-F0C3F61765BD}.Debug|Any CPU.ActiveCfg = Debug|Any CPU
		{02877BAE-4937-44CB-95D4-F0C3F61765BD}.Debug|Any CPU.Build.0 = Debug|Any CPU
		{02877BAE-4937-44CB-95D4-F0C3F61765BD}.Release|Any CPU.ActiveCfg = Release|Any CPU
		{02877BAE-4937-44CB-95D4-F0C3F61765BD}.Release|Any CPU.Build.0 = Release|Any CPU
	EndGlobalSection
	GlobalSection(SolutionProperties) = preSolution
		HideSolutionNode = FALSE
	EndGlobalSection
	GlobalSection(ExtensibilityGlobals) = postSolution
		SolutionGuid = {3687ECFD-8998-4B94-9709-DCA7CE09EDE1}
	EndGlobalSection
EndGlobal
